// !$*UTF8*$!// !$*UTF8*$!

{{

	archiveVersion = 1;	archiveVersion = 1;

	classes = {	classes = {

	};	};

	objectVersion = 56;	objectVersion = 56;

	objects = {	objects = {



/* Begin PBXBuildFile section *//* Begin PBXBuildFile section */

		A1A1A1001 /* WealthWiseApp.swift in Sources */ = {isa = PBXBuildFile; fileRef = A1A1A1000 /* WealthWiseApp.swift */; };		A1A1A1001 /* WealthWiseApp.swift in Sources */ = {isa = PBXBuildFile; fileRef = A1A1A1000 /* WealthWiseApp.swift */; };

		A1A1A1003 /* ContentView.swift in Sources */ = {isa = PBXBuildFile; fileRef = A1A1A1002 /* ContentView.swift */; };		A1A1A1003 /* ContentView.swift in Sources */ = {isa = PBXBuildFile; fileRef = A1A1A1002 /* ContentView.swift */; };

		A1A1A1005 /* Assets.xcassets in Resources */ = {isa = PBXBuildFile; fileRef = A1A1A1004 /* Assets.xcassets */; };		A1A1A1005 /* Assets.xcassets in Resources */ = {isa = PBXBuildFile; fileRef = A1A1A1004 /* Assets.xcassets */; };

		A1A1A1008 /* Preview Assets.xcassets in Resources */ = {isa = PBXBuildFile; fileRef = A1A1A1007 /* Preview Assets.xcassets */; };		A1A1A1008 /* Preview Assets.xcassets in Resources */ = {isa = PBXBuildFile; fileRef = A1A1A1007 /* Preview Assets.xcassets */; };

		A1A1A1012 /* WealthWiseTests.swift in Sources */ = {isa = PBXBuildFile; fileRef = A1A1A1011 /* WealthWiseTests.swift */; };		A1A1A1012 /* WealthWiseTests.swift in Sources */ = {isa = PBXBuildFile; fileRef = A1A1A1011 /* WealthWiseTests.swift */; };

		A1A1A1020 /* SupportedCurrency.swift in Sources */ = {isa = PBXBuildFile; fileRef = A1A1A1019 /* SupportedCurrency.swift */; };		A1A1A1020 /* SupportedCurrency.swift in Sources */ = {isa = PBXBuildFile; fileRef = A1A1A1019 /* SupportedCurrency.swift */; };

		A1A1A1021 /* ExchangeRate.swift in Sources */ = {isa = PBXBuildFile; fileRef = A1A1A101A /* ExchangeRate.swift */; };		A1A1A1021 /* ExchangeRate.swift in Sources */ = {isa = PBXBuildFile; fileRef = A1A1A101A /* ExchangeRate.swift */; };

		A1A1A1022 /* CurrencyManager.swift in Sources */ = {isa = PBXBuildFile; fileRef = A1A1A101B /* CurrencyManager.swift */; };		A1A1A1022 /* CurrencyManager.swift in Sources */ = {isa = PBXBuildFile; fileRef = A1A1A101B /* CurrencyManager.swift */; };

		A1A1A1023 /* CurrencyFormatter.swift in Sources */ = {isa = PBXBuildFile; fileRef = A1A1A101C /* CurrencyFormatter.swift */; };		A1A1A1023 /* CurrencyFormatter.swift in Sources */ = {isa = PBXBuildFile; fileRef = A1A1A101C /* CurrencyFormatter.swift */; };

		A1A1A1024 /* CurrencyService.swift in Sources */ = {isa = PBXBuildFile; fileRef = A1A1A101D /* CurrencyService.swift */; };		A1A1A1024 /* CurrencyService.swift in Sources */ = {isa = PBXBuildFile; fileRef = A1A1A101D /* CurrencyService.swift */; };

/* End PBXBuildFile section *//* End PBXBuildFile section */



/* Begin PBXContainerItemProxy section *//* Begin PBXContainerItemProxy section */

		A1A1A100E /* PBXContainerItemProxy */ = {		A1A1A100E /* PBXContainerItemProxy */ = {

			isa = PBXContainerItemProxy;			isa = PBXContainerItemProxy;

			containerPortal = A1A1A0FF5 /* Project object */;			containerPortal = A1A1A0FF5 /* Project object */;

			proxyType = 1;			proxyType = 1;

			remoteGlobalIDString = A1A1A0FFC;			remoteGlobalIDString = A1A1A0FFC;

			remoteInfo = WealthWise;			remoteInfo = WealthWise;

		};		};

/* End PBXContainerItemProxy section *//* End PBXContainerItemProxy section */



/* Begin PBXFileReference section *//* Begin PBXFileReference section */

		A1A1A0FFD /* WealthWise.app */ = {isa = PBXFileReference; explicitFileType = wrapper.application; includeInIndex = 0; path = WealthWise.app; sourceTree = BUILT_PRODUCTS_DIR; };		A1A1A0FFD /* WealthWise.app */ = {isa = PBXFileReference; explicitFileType = wrapper.application; includeInIndex = 0; path = WealthWise.app; sourceTree = BUILT_PRODUCTS_DIR; };

		A1A1A1000 /* WealthWiseApp.swift */ = {isa = PBXFileReference; lastKnownFileType = sourcecode.swift; path = WealthWiseApp.swift; sourceTree = "<group>"; };		A1A1A1000 /* WealthWiseApp.swift */ = {isa = PBXFileReference; lastKnownFileType = sourcecode.swift; path = WealthWiseApp.swift; sourceTree = "<group>"; };

		A1A1A1002 /* ContentView.swift */ = {isa = PBXFileReference; lastKnownFileType = sourcecode.swift; path = ContentView.swift; sourceTree = "<group>"; };		A1A1A1002 /* ContentView.swift */ = {isa = PBXFileReference; lastKnownFileType = sourcecode.swift; path = ContentView.swift; sourceTree = "<group>"; };

		A1A1A1004 /* Assets.xcassets */ = {isa = PBXFileReference; lastKnownFileType = folder.assetcatalog; path = Assets.xcassets; sourceTree = "<group>"; };		A1A1A1004 /* Assets.xcassets */ = {isa = PBXFileReference; lastKnownFileType = folder.assetcatalog; path = Assets.xcassets; sourceTree = "<group>"; };

		A1A1A1007 /* Preview Assets.xcassets */ = {isa = PBXFileReference; lastKnownFileType = folder.assetcatalog; path = "Preview Assets.xcassets"; sourceTree = "<group>"; };		A1A1A1007 /* Preview Assets.xcassets */ = {isa = PBXFileReference; lastKnownFileType = folder.assetcatalog; path = "Preview Assets.xcassets"; sourceTree = "<group>"; };

		A1A1A100D /* WealthWiseTests.xctest */ = {isa = PBXFileReference; explicitFileType = wrapper.cfbundle; includeInIndex = 0; path = WealthWiseTests.xctest; sourceTree = BUILT_PRODUCTS_DIR; };		A1A1A100D /* WealthWiseTests.xctest */ = {isa = PBXFileReference; explicitFileType = wrapper.cfbundle; includeInIndex = 0; path = WealthWiseTests.xctest; sourceTree = BUILT_PRODUCTS_DIR; };

		A1A1A1011 /* WealthWiseTests.swift */ = {isa = PBXFileReference; lastKnownFileType = sourcecode.swift; path = WealthWiseTests.swift; sourceTree = "<group>"; };		A1A1A1011 /* WealthWiseTests.swift */ = {isa = PBXFileReference; lastKnownFileType = sourcecode.swift; path = WealthWiseTests.swift; sourceTree = "<group>"; };

		A1A1A1018 /* WealthWise.entitlements */ = {isa = PBXFileReference; lastKnownFileType = text.plist.entitlements; path = WealthWise.entitlements; sourceTree = "<group>"; };		A1A1A1018 /* WealthWise.entitlements */ = {isa = PBXFileReference; lastKnownFileType = text.plist.entitlements; path = WealthWise.entitlements; sourceTree = "<group>"; };

		A1A1A1019 /* SupportedCurrency.swift */ = {isa = PBXFileReference; lastKnownFileType = sourcecode.swift; path = SupportedCurrency.swift; sourceTree = "<group>"; };		A1A1A1019 /* SupportedCurrency.swift */ = {isa = PBXFileReference; lastKnownFileType = sourcecode.swift; path = SupportedCurrency.swift; sourceTree = "<group>"; };

		A1A1A101A /* ExchangeRate.swift */ = {isa = PBXFileReference; lastKnownFileType = sourcecode.swift; path = ExchangeRate.swift; sourceTree = "<group>"; };		A1A1A101A /* ExchangeRate.swift */ = {isa = PBXFileReference; lastKnownFileType = sourcecode.swift; path = ExchangeRate.swift; sourceTree = "<group>"; };

		A1A1A101B /* CurrencyManager.swift */ = {isa = PBXFileReference; lastKnownFileType = sourcecode.swift; path = CurrencyManager.swift; sourceTree = "<group>"; };		A1A1A101B /* CurrencyManager.swift */ = {isa = PBXFileReference; lastKnownFileType = sourcecode.swift; path = CurrencyManager.swift; sourceTree = "<group>"; };

		A1A1A101C /* CurrencyFormatter.swift */ = {isa = PBXFileReference; lastKnownFileType = sourcecode.swift; path = CurrencyFormatter.swift; sourceTree = "<group>"; };		A1A1A101C /* CurrencyFormatter.swift */ = {isa = PBXFileReference; lastKnownFileType = sourcecode.swift; path = CurrencyFormatter.swift; sourceTree = "<group>"; };

		A1A1A101D /* CurrencyService.swift */ = {isa = PBXFileReference; lastKnownFileType = sourcecode.swift; path = CurrencyService.swift; sourceTree = "<group>"; };		A1A1A101D /* CurrencyService.swift */ = {isa = PBXFileReference; lastKnownFileType = sourcecode.swift; path = CurrencyService.swift; sourceTree = "<group>"; };

/* End PBXFileReference section *//* End PBXFileReference section */



/* Begin PBXFrameworksBuildPhase section *//* Begin PBXFrameworksBuildPhase section */

		A1A1A0FFA /* PBXFrameworksBuildPhase */ = {		A1A1A0FFA /* PBXFrameworksBuildPhase */ = {

			isa = PBXFrameworksBuildPhase;			isa = PBXFrameworksBuildPhase;

			buildActionMask = 2147483647;			buildActionMask = 2147483647;

			files = (			files = (

			);			);

			runOnlyForDeploymentPostprocessing = 0;			runOnlyForDeploymentPostprocessing = 0;

		};		};

		A1A1A100A /* PBXFrameworksBuildPhase */ = {		A1A1A100A /* PBXFrameworksBuildPhase */ = {

			isa = PBXFrameworksBuildPhase;			isa = PBXFrameworksBuildPhase;

			buildActionMask = 2147483647;			buildActionMask = 2147483647;

			files = (			files = (

			);			);

			runOnlyForDeploymentPostprocessing = 0;			runOnlyForDeploymentPostprocessing = 0;

		};		};

/* End PBXFrameworksBuildPhase section *//* End PBXFrameworksBuildPhase section */



/* Begin PBXGroup section *//* Begin PBXGroup section */

		A1A1A0FF4 /* Root */ = {		A1A1A0FF4 /* Root */ = {

			isa = PBXGroup;			isa = PBXGroup;

			children = (			children = (

				A1A1A0FFF /* WealthWise */,				A1A1A0FFF /* WealthWise */,

				A1A1A1010 /* WealthWiseTests */,				A1A1A1010 /* WealthWiseTests */,

				A1A1A0FFE /* Products */,				A1A1A0FFE /* Products */,

			);			);

			sourceTree = "<group>";			sourceTree = "<group>";

		};		};

		A1A1A0FFE /* Products */ = {		A1A1A0FFE /* Products */ = {

			isa = PBXGroup;			isa = PBXGroup;

			children = (			children = (

				A1A1A0FFD /* WealthWise.app */,				A1A1A0FFD /* WealthWise.app */,

				A1A1A100D /* WealthWiseTests.xctest */,				A1A1A100D /* WealthWiseTests.xctest */,

			);			);

			name = Products;			name = Products;

			sourceTree = "<group>";			sourceTree = "<group>";

		};		};

		A1A1A0FFF /* WealthWise */ = {		A1A1A0FFF /* WealthWise */ = {

			isa = PBXGroup;			isa = PBXGroup;

			children = (			children = (

				A1A1A1018 /* WealthWise.entitlements */,				A1A1A1018 /* WealthWise.entitlements */,

				A1A1A1000 /* WealthWiseApp.swift */,				A1A1A1000 /* WealthWiseApp.swift */,

				A1A1A1002 /* ContentView.swift */,				A1A1A1002 /* ContentView.swift */,

				A1A1A1030 /* Models */,				A1A1A1030 /* Models */,

				A1A1A1040 /* Services */,				A1A1A1040 /* Services */,

				A1A1A1004 /* Assets.xcassets */,				A1A1A1004 /* Assets.xcassets */,

				A1A1A1006 /* Preview Content */,				A1A1A1006 /* Preview Content */,

			);			);

			path = WealthWise;			path = WealthWise;

			sourceTree = "<group>";			sourceTree = "<group>";

		};		};

		A1A1A1006 /* Preview Content */ = {		A1A1A1006 /* Preview Content */ = {

			isa = PBXGroup;			isa = PBXGroup;

			children = (			children = (

				A1A1A1007 /* Preview Assets.xcassets */,				A1A1A1007 /* Preview Assets.xcassets */,

			);			);

			path = "Preview Content";			path = "Preview Content";

			sourceTree = "<group>";			sourceTree = "<group>";

		};		};

		A1A1A1010 /* WealthWiseTests */ = {		A1A1A1010 /* WealthWiseTests */ = {

			isa = PBXGroup;			isa = PBXGroup;

			children = (			children = (

				A1A1A1011 /* WealthWiseTests.swift */,				A1A1A1011 /* WealthWiseTests.swift */,

			);			);

			path = WealthWiseTests;			path = WealthWiseTests;

			sourceTree = "<group>";			sourceTree = "<group>";

		};		};

		A1A1A1030 /* Models */ = {		A1A1A1030 /* Models */ = {

			isa = PBXGroup;			isa = PBXGroup;

			children = (			children = (

				A1A1A1031 /* Currency */,				A1A1A1031 /* Currency */,

			);			);

			path = Models;			path = Models;

			sourceTree = "<group>";			sourceTree = "<group>";

		};		};

		A1A1A1031 /* Currency */ = {		A1A1A1031 /* Currency */ = {

			isa = PBXGroup;			isa = PBXGroup;

			children = (			children = (

				A1A1A1019 /* SupportedCurrency.swift */,				A1A1A1019 /* SupportedCurrency.swift */,

				A1A1A101A /* ExchangeRate.swift */,				A1A1A101A /* ExchangeRate.swift */,

			);			);

			path = Currency;			path = Currency;

			sourceTree = "<group>";			sourceTree = "<group>";

		};		};

		A1A1A1040 /* Services */ = {		A1A1A1040 /* Services */ = {

			isa = PBXGroup;			isa = PBXGroup;

			children = (			children = (

				A1A1A101B /* CurrencyManager.swift */,				A1A1A101B /* CurrencyManager.swift */,

				A1A1A101C /* CurrencyFormatter.swift */,				A1A1A101C /* CurrencyFormatter.swift */,

				A1A1A101D /* CurrencyService.swift */,				A1A1A101D /* CurrencyService.swift */,

			);			);

			path = Services;			path = Services;

			sourceTree = "<group>";			sourceTree = "<group>";

		};		};

/* End PBXGroup section *//* End PBXGroup section */



/* Begin PBXNativeTarget section *//* Begin PBXNativeTarget section */

		A1A1A0FFC /* WealthWise */ = {		A1A1A0FFC /* WealthWise */ = {

			isa = PBXNativeTarget;			isa = PBXNativeTarget;

			buildConfigurationList = A1A1A1015 /* Build configuration list for PBXNativeTarget "WealthWise" */;			buildConfigurationList = A1A1A1015 /* Build configuration list for PBXNativeTarget "WealthWise" */;

			buildPhases = (			buildPhases = (

				A1A1A0FF9 /* Sources */,				A1A1A0FF9 /* Sources */,

				A1A1A0FFA /* Frameworks */,				A1A1A0FFA /* Frameworks */,

				A1A1A0FFB /* Resources */,				A1A1A0FFB /* Resources */,

			);			);

			buildRules = (			buildRules = (

			);			);

			dependencies = (			dependencies = (

			);			);

			name = WealthWise;			name = WealthWise;

			productName = WealthWise;			productName = WealthWise;

			productReference = A1A1A0FFD /* WealthWise.app */;			productReference = A1A1A0FFD /* WealthWise.app */;

			productType = "com.apple.product-type.application";			productType = "com.apple.product-type.application";

		};		};

		A1A1A100C /* WealthWiseTests */ = {		A1A1A100C /* WealthWiseTests */ = {

			isa = PBXNativeTarget;			isa = PBXNativeTarget;

			buildConfigurationList = A1A1A101B /* Build configuration list for PBXNativeTarget "WealthWiseTests" */;			buildConfigurationList = A1A1A101B /* Build configuration list for PBXNativeTarget "WealthWiseTests" */;

			buildPhases = (			buildPhases = (

				A1A1A1009 /* Sources */,				A1A1A1009 /* Sources */,

				A1A1A100A /* Frameworks */,				A1A1A100A /* Frameworks */,

				A1A1A100B /* Resources */,				A1A1A100B /* Resources */,

			);			);

			buildRules = (			buildRules = (

			);			);

			dependencies = (			dependencies = (

				A1A1A100F /* PBXTargetDependency */,				A1A1A100F /* PBXTargetDependency */,

			);			);

			name = WealthWiseTests;			name = WealthWiseTests;

			productName = WealthWiseTests;			productName = WealthWiseTests;

			productReference = A1A1A100D /* WealthWiseTests.xctest */;			productReference = A1A1A100D /* WealthWiseTests.xctest */;

			productType = "com.apple.product-type.bundle.unit-test";			productType = "com.apple.product-type.bundle.unit-test";

		};		};

/* End PBXNativeTarget section *//* End PBXNativeTarget section */



/* Begin PBXProject section *//* Begin PBXProject section */

		A1A1A0FF5 /* Project object */ = {		A1A1A0FF5 /* Project object */ = {

			isa = PBXProject;			isa = PBXProject;

			attributes = {			attributes = {

				BuildIndependentTargetsInParallel = 1;				BuildIndependentTargetsInParallel = 1;

				LastSwiftUpdateCheck = 1540;				LastSwiftUpdateCheck = 1540;

				LastUpgradeCheck = 1540;				LastUpgradeCheck = 1540;

				TargetAttributes = {				TargetAttributes = {

					A1A1A0FFC = {					A1A1A0FFC = {

						CreatedOnToolsVersion = 15.4;						CreatedOnToolsVersion = 15.4;

					};					};

					A1A1A100C = {					A1A1A100C = {

						CreatedOnToolsVersion = 15.4;						CreatedOnToolsVersion = 15.4;

						TestTargetID = A1A1A0FFC;						TestTargetID = A1A1A0FFC;

					};					};

				};				};

			};			};

			buildConfigurationList = A1A1A0FF8 /* Build configuration list for PBXProject "WealthWise" */;			buildConfigurationList = A1A1A0FF8 /* Build configuration list for PBXProject "WealthWise" */;

			compatibilityVersion = "Xcode 14.0";			compatibilityVersion = "Xcode 14.0";

			developmentRegion = en;			developmentRegion = en;

			hasScannedForEncodings = 0;			hasScannedForEncodings = 0;

			knownRegions = (			knownRegions = (

				en,				en,

				Base,				Base,

			);			);

			mainGroup = A1A1A0FF4 /* Root */;			mainGroup = A1A1A0FF4 /* Root */;

			productRefGroup = A1A1A0FFE /* Products */;			productRefGroup = A1A1A0FFE /* Products */;

			projectDirPath = "";			projectDirPath = "";

			projectRoot = "";			projectRoot = "";

			targets = (			targets = (

				A1A1A0FFC /* WealthWise */,				A1A1A0FFC /* WealthWise */,

				A1A1A100C /* WealthWiseTests */,				A1A1A100C /* WealthWiseTests */,

			);			);

		};		};

/* End PBXProject section *//* End PBXProject section */



/* Begin PBXResourcesBuildPhase section *//* Begin PBXResourcesBuildPhase section */

		A1A1A0FFB /* Resources */ = {		A1A1A0FFB /* Resources */ = {

			isa = PBXResourcesBuildPhase;			isa = PBXResourcesBuildPhase;

			buildActionMask = 2147483647;			buildActionMask = 2147483647;

			files = (			files = (

				A1A1A1008 /* Preview Assets.xcassets in Resources */,				A1A1A1008 /* Preview Assets.xcassets in Resources */,

				A1A1A1005 /* Assets.xcassets in Resources */,				A1A1A1005 /* Assets.xcassets in Resources */,

			);			);

			runOnlyForDeploymentPostprocessing = 0;			runOnlyForDeploymentPostprocessing = 0;

		};		};

		A1A1A100B /* Resources */ = {		A1A1A100B /* Resources */ = {

			isa = PBXResourcesBuildPhase;			isa = PBXResourcesBuildPhase;

			buildActionMask = 2147483647;			buildActionMask = 2147483647;

			files = (			files = (

			);			);

			runOnlyForDeploymentPostprocessing = 0;			runOnlyForDeploymentPostprocessing = 0;

		};		};

/* End PBXResourcesBuildPhase section *//* End PBXResourcesBuildPhase section */



/* Begin PBXSourcesBuildPhase section *//* Begin PBXSourcesBuildPhase section */

		A1A1A0FF9 /* Sources */ = {		A1A1A0FF9 /* Sources */ = {

			isa = PBXSourcesBuildPhase;			isa = PBXSourcesBuildPhase;

			buildActionMask = 2147483647;			buildActionMask = 2147483647;

			files = (			files = (

				A1A1A1003 /* ContentView.swift in Sources */,				A1A1A1003 /* ContentView.swift in Sources */,

				A1A1A1001 /* WealthWiseApp.swift in Sources */,				A1A1A1001 /* WealthWiseApp.swift in Sources */,

				A1A1A1020 /* SupportedCurrency.swift in Sources */,				A1A1A1020 /* SupportedCurrency.swift in Sources */,

				A1A1A1021 /* ExchangeRate.swift in Sources */,				A1A1A1021 /* ExchangeRate.swift in Sources */,

				A1A1A1022 /* CurrencyManager.swift in Sources */,				A1A1A1022 /* CurrencyManager.swift in Sources */,

				A1A1A1023 /* CurrencyFormatter.swift in Sources */,				A1A1A1023 /* CurrencyFormatter.swift in Sources */,

				A1A1A1024 /* CurrencyService.swift in Sources */,				A1A1A1024 /* CurrencyService.swift in Sources */,

			);			);

			runOnlyForDeploymentPostprocessing = 0;			runOnlyForDeploymentPostprocessing = 0;

		};		};

		A1A1A1009 /* Sources */ = {		A1A1A1009 /* Sources */ = {

			isa = PBXSourcesBuildPhase;			isa = PBXSourcesBuildPhase;

			buildActionMask = 2147483647;			buildActionMask = 2147483647;

			files = (			files = (

				A1A1A1012 /* WealthWiseTests.swift in Sources */,				A1A1A1012 /* WealthWiseTests.swift in Sources */,

			);			);

			runOnlyForDeploymentPostprocessing = 0;			runOnlyForDeploymentPostprocessing = 0;

		};		};

/* End PBXSourcesBuildPhase section *//* End PBXSourcesBuildPhase section */



/* Begin PBXTargetDependency section *//* Begin PBXTargetDependency section */

		A1A1A100F /* PBXTargetDependency */ = {		A1A1A100F /* PBXTargetDependency */ = {

			isa = PBXTargetDependency;			isa = PBXTargetDependency;

			target = A1A1A0FFC /* WealthWise */;			target = A1A1A0FFC /* WealthWise */;

			targetProxy = A1A1A100E /* PBXContainerItemProxy */;			targetProxy = A1A1A100E /* PBXContainerItemProxy */;

		};		};

/* End PBXTargetDependency section *//* End PBXTargetDependency section */



/* Begin XCBuildConfiguration section *//* Begin XCBuildConfiguration section */

		A1A1A1013 /* Debug */ = {		A1A1A1013 /* Debug */ = {

			isa = XCBuildConfiguration;			isa = XCBuildConfiguration;

			buildSettings = {			buildSettings = {

				ALWAYS_SEARCH_USER_PATHS = NO;				ALWAYS_SEARCH_USER_PATHS = NO;

				ASSETCATALOG_COMPILER_GENERATE_SWIFT_ASSET_SYMBOL_EXTENSIONS = YES;				ASSETCATALOG_COMPILER_GENERATE_SWIFT_ASSET_SYMBOL_EXTENSIONS = YES;

				CLANG_ANALYZER_NONNULL = YES;				CLANG_ANALYZER_NONNULL = YES;

				CLANG_ANALYZER_NUMBER_OBJECT_CONVERSION = YES_AGGRESSIVE;				CLANG_ANALYZER_NUMBER_OBJECT_CONVERSION = YES_AGGRESSIVE;

				CLANG_CXX_LANGUAGE_STANDARD = "gnu++20";				CLANG_CXX_LANGUAGE_STANDARD = "gnu++20";

				CLANG_ENABLE_MODULES = YES;				CLANG_ENABLE_MODULES = YES;

				CLANG_ENABLE_OBJC_ARC = YES;				CLANG_ENABLE_OBJC_ARC = YES;

				CLANG_ENABLE_OBJC_WEAK = YES;				CLANG_ENABLE_OBJC_WEAK = YES;

				CLANG_WARN_BLOCK_CAPTURE_AUTORELEASING = YES;				CLANG_WARN_BLOCK_CAPTURE_AUTORELEASING = YES;

				CLANG_WARN_BOOL_CONVERSION = YES;				CLANG_WARN_BOOL_CONVERSION = YES;

				CLANG_WARN_COMMA = YES;				CLANG_WARN_COMMA = YES;

				CLANG_WARN_CONSTANT_CONVERSION = YES;				CLANG_WARN_CONSTANT_CONVERSION = YES;

				CLANG_WARN_DEPRECATED_OBJC_IMPLEMENTATIONS = YES;				CLANG_WARN_DEPRECATED_OBJC_IMPLEMENTATIONS = YES;

				CLANG_WARN_DIRECT_OBJC_ISA_USAGE = YES_ERROR;				CLANG_WARN_DIRECT_OBJC_ISA_USAGE = YES_ERROR;

				CLANG_WARN_DOCUMENTATION_COMMENTS = YES;				CLANG_WARN_DOCUMENTATION_COMMENTS = YES;

				CLANG_WARN_EMPTY_BODY = YES;				CLANG_WARN_EMPTY_BODY = YES;

				CLANG_WARN_ENUM_CONVERSION = YES;				CLANG_WARN_ENUM_CONVERSION = YES;

				CLANG_WARN_INFINITE_RECURSION = YES;				CLANG_WARN_INFINITE_RECURSION = YES;

				CLANG_WARN_INT_CONVERSION = YES;				CLANG_WARN_INT_CONVERSION = YES;

				CLANG_WARN_NON_LITERAL_NULL_CONVERSION = YES;				CLANG_WARN_NON_LITERAL_NULL_CONVERSION = YES;

				CLANG_WARN_OBJC_IMPLICIT_RETAIN_SELF = YES;				CLANG_WARN_OBJC_IMPLICIT_RETAIN_SELF = YES;

				CLANG_WARN_OBJC_LITERAL_CONVERSION = YES;				CLANG_WARN_OBJC_LITERAL_CONVERSION = YES;

				CLANG_WARN_OBJC_ROOT_CLASS = YES_ERROR;				CLANG_WARN_OBJC_ROOT_CLASS = YES_ERROR;

				CLANG_WARN_QUOTED_INCLUDE_IN_FRAMEWORK_HEADER = YES;				CLANG_WARN_QUOTED_INCLUDE_IN_FRAMEWORK_HEADER = YES;

				CLANG_WARN_RANGE_LOOP_ANALYSIS = YES;				CLANG_WARN_RANGE_LOOP_ANALYSIS = YES;

				CLANG_WARN_STRICT_PROTOTYPES = YES;				CLANG_WARN_STRICT_PROTOTYPES = YES;

				CLANG_WARN_SUSPICIOUS_MOVE = YES;				CLANG_WARN_SUSPICIOUS_MOVE = YES;

				CLANG_WARN_UNGUARDED_AVAILABILITY = YES_AGGRESSIVE;				CLANG_WARN_UNGUARDED_AVAILABILITY = YES_AGGRESSIVE;

				CLANG_WARN_UNREACHABLE_CODE = YES;				CLANG_WARN_UNREACHABLE_CODE = YES;

				CLANG_WARN__DUPLICATE_METHOD_MATCH = YES;				CLANG_WARN__DUPLICATE_METHOD_MATCH = YES;

				COPY_PHASE_STRIP = NO;				COPY_PHASE_STRIP = NO;

				DEBUG_INFORMATION_FORMAT = dwarf;				DEBUG_INFORMATION_FORMAT = dwarf;

				ENABLE_STRICT_OBJC_MSGSEND = YES;				ENABLE_STRICT_OBJC_MSGSEND = YES;

				ENABLE_TESTABILITY = YES;				ENABLE_TESTABILITY = YES;

				ENABLE_USER_SCRIPT_SANDBOXING = YES;				ENABLE_USER_SCRIPT_SANDBOXING = YES;

				GCC_C_LANGUAGE_STANDARD = gnu17;				GCC_C_LANGUAGE_STANDARD = gnu17;

				GCC_DYNAMIC_NO_PIC = NO;				GCC_DYNAMIC_NO_PIC = NO;

				GCC_NO_COMMON_BLOCKS = YES;				GCC_NO_COMMON_BLOCKS = YES;

				GCC_OPTIMIZATION_LEVEL = 0;				GCC_OPTIMIZATION_LEVEL = 0;

				GCC_PREPROCESSOR_DEFINITIONS = (				GCC_PREPROCESSOR_DEFINITIONS = (

					"DEBUG=1",					"DEBUG=1",

					"$(inherited)",					"$(inherited)",

				);				);

				GCC_WARN_64_TO_32_BIT_CONVERSION = YES;				GCC_WARN_64_TO_32_BIT_CONVERSION = YES;

				GCC_WARN_ABOUT_RETURN_TYPE = YES_ERROR;				GCC_WARN_ABOUT_RETURN_TYPE = YES_ERROR;

				GCC_WARN_UNDECLARED_SELECTOR = YES;				GCC_WARN_UNDECLARED_SELECTOR = YES;

				GCC_WARN_UNINITIALIZED_AUTOS = YES_AGGRESSIVE;				GCC_WARN_UNINITIALIZED_AUTOS = YES_AGGRESSIVE;

				GCC_WARN_UNUSED_FUNCTION = YES;				GCC_WARN_UNUSED_FUNCTION = YES;

				GCC_WARN_UNUSED_VARIABLE = YES;				GCC_WARN_UNUSED_VARIABLE = YES;

				MACOSX_DEPLOYMENT_TARGET = 14.0;				IPHONEOS_DEPLOYMENT_TARGET = 17.5;

				LOCALIZATION_PREFERS_STRING_CATALOGS = YES;				LOCALIZATION_PREFERS_STRING_CATALOGS = YES;

				MTL_ENABLE_DEBUG_INFO = INCLUDE_SOURCE;				MTL_ENABLE_DEBUG_INFO = INCLUDE_SOURCE;

				MTL_FAST_MATH = YES;				MTL_FAST_MATH = YES;

				ONLY_ACTIVE_ARCH = YES;				ONLY_ACTIVE_ARCH = YES;

				SDKROOT = macosx;				SDKROOT = iphoneos;

				SWIFT_ACTIVE_COMPILATION_CONDITIONS = "DEBUG $(inherited)";				SWIFT_ACTIVE_COMPILATION_CONDITIONS = "DEBUG $(inherited)";

				SWIFT_OPTIMIZATION_LEVEL = "-Onone";				SWIFT_OPTIMIZATION_LEVEL = "-Onone";

			};			};

			name = Debug;			name = Debug;

		};		};

		A1A1A1014 /* Release */ = {		A1A1A1014 /* Release */ = {

			isa = XCBuildConfiguration;			isa = XCBuildConfiguration;

			buildSettings = {			buildSettings = {

				ALWAYS_SEARCH_USER_PATHS = NO;				ALWAYS_SEARCH_USER_PATHS = NO;

				ASSETCATALOG_COMPILER_GENERATE_SWIFT_ASSET_SYMBOL_EXTENSIONS = YES;				ASSETCATALOG_COMPILER_GENERATE_SWIFT_ASSET_SYMBOL_EXTENSIONS = YES;

				CLANG_ANALYZER_NONNULL = YES;				CLANG_ANALYZER_NONNULL = YES;

				CLANG_ANALYZER_NUMBER_OBJECT_CONVERSION = YES_AGGRESSIVE;				CLANG_ANALYZER_NUMBER_OBJECT_CONVERSION = YES_AGGRESSIVE;

				CLANG_CXX_LANGUAGE_STANDARD = "gnu++20";				CLANG_CXX_LANGUAGE_STANDARD = "gnu++20";

				CLANG_ENABLE_MODULES = YES;				CLANG_ENABLE_MODULES = YES;

				CLANG_ENABLE_OBJC_ARC = YES;				CLANG_ENABLE_OBJC_ARC = YES;

				CLANG_ENABLE_OBJC_WEAK = YES;				CLANG_ENABLE_OBJC_WEAK = YES;

				CLANG_WARN_BLOCK_CAPTURE_AUTORELEASING = YES;				CLANG_WARN_BLOCK_CAPTURE_AUTORELEASING = YES;

				CLANG_WARN_BOOL_CONVERSION = YES;				CLANG_WARN_BOOL_CONVERSION = YES;

				CLANG_WARN_COMMA = YES;				CLANG_WARN_COMMA = YES;

				CLANG_WARN_CONSTANT_CONVERSION = YES;				CLANG_WARN_CONSTANT_CONVERSION = YES;

				CLANG_WARN_DEPRECATED_OBJC_IMPLEMENTATIONS = YES;				CLANG_WARN_DEPRECATED_OBJC_IMPLEMENTATIONS = YES;

				CLANG_WARN_DIRECT_OBJC_ISA_USAGE = YES_ERROR;				CLANG_WARN_DIRECT_OBJC_ISA_USAGE = YES_ERROR;

				CLANG_WARN_DOCUMENTATION_COMMENTS = YES;				CLANG_WARN_DOCUMENTATION_COMMENTS = YES;

				CLANG_WARN_EMPTY_BODY = YES;				CLANG_WARN_EMPTY_BODY = YES;

				CLANG_WARN_ENUM_CONVERSION = YES;				CLANG_WARN_ENUM_CONVERSION = YES;

				CLANG_WARN_INFINITE_RECURSION = YES;				CLANG_WARN_INFINITE_RECURSION = YES;

				CLANG_WARN_INT_CONVERSION = YES;				CLANG_WARN_INT_CONVERSION = YES;

				CLANG_WARN_NON_LITERAL_NULL_CONVERSION = YES;				CLANG_WARN_NON_LITERAL_NULL_CONVERSION = YES;

				CLANG_WARN_OBJC_IMPLICIT_RETAIN_SELF = YES;				CLANG_WARN_OBJC_IMPLICIT_RETAIN_SELF = YES;

				CLANG_WARN_OBJC_LITERAL_CONVERSION = YES;				CLANG_WARN_OBJC_LITERAL_CONVERSION = YES;

				CLANG_WARN_OBJC_ROOT_CLASS = YES_ERROR;				CLANG_WARN_OBJC_ROOT_CLASS = YES_ERROR;

				CLANG_WARN_QUOTED_INCLUDE_IN_FRAMEWORK_HEADER = YES;				CLANG_WARN_QUOTED_INCLUDE_IN_FRAMEWORK_HEADER = YES;

				CLANG_WARN_RANGE_LOOP_ANALYSIS = YES;				CLANG_WARN_RANGE_LOOP_ANALYSIS = YES;

				CLANG_WARN_STRICT_PROTOTYPES = YES;				CLANG_WARN_STRICT_PROTOTYPES = YES;

				CLANG_WARN_SUSPICIOUS_MOVE = YES;				CLANG_WARN_SUSPICIOUS_MOVE = YES;

				CLANG_WARN_UNGUARDED_AVAILABILITY = YES_AGGRESSIVE;				CLANG_WARN_UNGUARDED_AVAILABILITY = YES_AGGRESSIVE;

				CLANG_WARN_UNREACHABLE_CODE = YES;				CLANG_WARN_UNREACHABLE_CODE = YES;

				CLANG_WARN__DUPLICATE_METHOD_MATCH = YES;				CLANG_WARN__DUPLICATE_METHOD_MATCH = YES;

				COPY_PHASE_STRIP = NO;				COPY_PHASE_STRIP = NO;

				DEBUG_INFORMATION_FORMAT = "dwarf-with-dsym";				DEBUG_INFORMATION_FORMAT = "dwarf-with-dsym";

				ENABLE_NS_ASSERTIONS = NO;				ENABLE_NS_ASSERTIONS = NO;

				ENABLE_STRICT_OBJC_MSGSEND = YES;				ENABLE_STRICT_OBJC_MSGSEND = YES;

				ENABLE_USER_SCRIPT_SANDBOXING = YES;				ENABLE_USER_SCRIPT_SANDBOXING = YES;

				GCC_C_LANGUAGE_STANDARD = gnu17;				GCC_C_LANGUAGE_STANDARD = gnu17;

				GCC_NO_COMMON_BLOCKS = YES;				GCC_NO_COMMON_BLOCKS = YES;

				GCC_WARN_64_TO_32_BIT_CONVERSION = YES;				GCC_WARN_64_TO_32_BIT_CONVERSION = YES;

				GCC_WARN_ABOUT_RETURN_TYPE = YES_ERROR;				GCC_WARN_ABOUT_RETURN_TYPE = YES_ERROR;

				GCC_WARN_UNDECLARED_SELECTOR = YES;				GCC_WARN_UNDECLARED_SELECTOR = YES;

				GCC_WARN_UNINITIALIZED_AUTOS = YES_AGGRESSIVE;				GCC_WARN_UNINITIALIZED_AUTOS = YES_AGGRESSIVE;

				GCC_WARN_UNUSED_FUNCTION = YES;				GCC_WARN_UNUSED_FUNCTION = YES;

				GCC_WARN_UNUSED_VARIABLE = YES;				GCC_WARN_UNUSED_VARIABLE = YES;

				MACOSX_DEPLOYMENT_TARGET = 14.0;				IPHONEOS_DEPLOYMENT_TARGET = 17.5;

				LOCALIZATION_PREFERS_STRING_CATALOGS = YES;				LOCALIZATION_PREFERS_STRING_CATALOGS = YES;

				MTL_ENABLE_DEBUG_INFO = NO;				MTL_ENABLE_DEBUG_INFO = NO;

				MTL_FAST_MATH = YES;				MTL_FAST_MATH = YES;

				SDKROOT = macosx;				SDKROOT = iphoneos;

				SWIFT_COMPILATION_MODE = wholemodule;				SWIFT_COMPILATION_MODE = wholemodule;

				VALIDATE_PRODUCT = YES;				VALIDATE_PRODUCT = YES;

			};			};

			name = Release;			name = Release;

		};		};

		A1A1A1016 /* Debug */ = {		A1A1A1016 /* Debug */ = {

			isa = XCBuildConfiguration;			isa = XCBuildConfiguration;

			buildSettings = {			buildSettings = {

				ASSETCATALOG_COMPILER_APPICON_NAME = AppIcon;				ASSETCATALOG_COMPILER_APPICON_NAME = AppIcon;

				ASSETCATALOG_COMPILER_GLOBAL_ACCENT_COLOR_NAME = AccentColor;				ASSETCATALOG_COMPILER_GLOBAL_ACCENT_COLOR_NAME = AccentColor;

				CODE_SIGN_ENTITLEMENTS = WealthWise/WealthWise.entitlements;				CODE_SIGN_ENTITLEMENTS = WealthWise/WealthWise.entitlements;

				CODE_SIGN_STYLE = Automatic;				CODE_SIGN_STYLE = Automatic;

				COMBINE_HIDPI_IMAGES = YES;				CURRENT_PROJECT_VERSION = 1;

				CURRENT_PROJECT_VERSION = 1;				DEVELOPMENT_ASSET_PATHS = "\"WealthWise/Preview Content\"";

				DEVELOPMENT_ASSET_PATHS = "\"WealthWise/Preview Content\"";				ENABLE_PREVIEWS = YES;

				ENABLE_PREVIEWS = YES;				GENERATE_INFOPLIST_FILE = YES;

				GENERATE_INFOPLIST_FILE = YES;				INFOPLIST_KEY_UIApplicationSceneManifest_Generation = YES;

				INFOPLIST_KEY_NSHumanReadableCopyright = "";				INFOPLIST_KEY_UIApplicationSupportsIndirectInputEvents = YES;

				LD_RUNPATH_SEARCH_PATHS = (				INFOPLIST_KEY_UILaunchScreen_Generation = YES;

					"$(inherited)",				INFOPLIST_KEY_UISupportedInterfaceOrientations_iPad = "UIInterfaceOrientationPortrait UIInterfaceOrientationPortraitUpsideDown UIInterfaceOrientationLandscapeLeft UIInterfaceOrientationLandscapeRight";

					"@executable_path/../Frameworks",				INFOPLIST_KEY_UISupportedInterfaceOrientations_iPhone = "UIInterfaceOrientationPortrait UIInterfaceOrientationLandscapeLeft UIInterfaceOrientationLandscapeRight";

				);				LD_RUNPATH_SEARCH_PATHS = (

				MACOSX_DEPLOYMENT_TARGET = 14.0;					"$(inherited)",

				MARKETING_VERSION = 1.0;					"@executable_path/Frameworks",

				PRODUCT_BUNDLE_IDENTIFIER = com.wealthwise.WealthWise;				);

				PRODUCT_NAME = "$(TARGET_NAME)";				MARKETING_VERSION = 1.0;

				SWIFT_EMIT_LOC_STRINGS = YES;				PRODUCT_BUNDLE_IDENTIFIER = com.wealthwise.WealthWise;

				SWIFT_VERSION = 5.0;				PRODUCT_NAME = "$(TARGET_NAME)";

			};				SWIFT_EMIT_LOC_STRINGS = YES;

			name = Debug;				SWIFT_VERSION = 5.0;

		};				TARGETED_DEVICE_FAMILY = "1,2";

		A1A1A1017 /* Release */ = {			};

			isa = XCBuildConfiguration;			name = Debug;

			buildSettings = {		};

				ASSETCATALOG_COMPILER_APPICON_NAME = AppIcon;		A1A1A1017 /* Release */ = {

				ASSETCATALOG_COMPILER_GLOBAL_ACCENT_COLOR_NAME = AccentColor;			isa = XCBuildConfiguration;

				CODE_SIGN_ENTITLEMENTS = WealthWise/WealthWise.entitlements;			buildSettings = {

				CODE_SIGN_STYLE = Automatic;				ASSETCATALOG_COMPILER_APPICON_NAME = AppIcon;

				COMBINE_HIDPI_IMAGES = YES;				ASSETCATALOG_COMPILER_GLOBAL_ACCENT_COLOR_NAME = AccentColor;

				CURRENT_PROJECT_VERSION = 1;				CODE_SIGN_ENTITLEMENTS = WealthWise/WealthWise.entitlements;

				DEVELOPMENT_ASSET_PATHS = "\"WealthWise/Preview Content\"";				CODE_SIGN_STYLE = Automatic;

				ENABLE_PREVIEWS = YES;				CURRENT_PROJECT_VERSION = 1;

				GENERATE_INFOPLIST_FILE = YES;				DEVELOPMENT_ASSET_PATHS = "\"WealthWise/Preview Content\"";

				INFOPLIST_KEY_NSHumanReadableCopyright = "";				ENABLE_PREVIEWS = YES;

				LD_RUNPATH_SEARCH_PATHS = (				GENERATE_INFOPLIST_FILE = YES;

					"$(inherited)",				INFOPLIST_KEY_UIApplicationSceneManifest_Generation = YES;

					"@executable_path/../Frameworks",				INFOPLIST_KEY_UIApplicationSupportsIndirectInputEvents = YES;

				);				INFOPLIST_KEY_UILaunchScreen_Generation = YES;

				MACOSX_DEPLOYMENT_TARGET = 14.0;				INFOPLIST_KEY_UISupportedInterfaceOrientations_iPad = "UIInterfaceOrientationPortrait UIInterfaceOrientationPortraitUpsideDown UIInterfaceOrientationLandscapeLeft UIInterfaceOrientationLandscapeRight";

				MARKETING_VERSION = 1.0;				INFOPLIST_KEY_UISupportedInterfaceOrientations_iPhone = "UIInterfaceOrientationPortrait UIInterfaceOrientationLandscapeLeft UIInterfaceOrientationLandscapeRight";

				PRODUCT_BUNDLE_IDENTIFIER = com.wealthwise.WealthWise;				LD_RUNPATH_SEARCH_PATHS = (

				PRODUCT_NAME = "$(TARGET_NAME)";					"$(inherited)",

				SWIFT_EMIT_LOC_STRINGS = YES;					"@executable_path/Frameworks",

				SWIFT_VERSION = 5.0;				);

			};				MARKETING_VERSION = 1.0;

			name = Release;				PRODUCT_BUNDLE_IDENTIFIER = com.wealthwise.WealthWise;

		};				PRODUCT_NAME = "$(TARGET_NAME)";

		A1A1A1019 /* Debug */ = {				SWIFT_EMIT_LOC_STRINGS = YES;

			isa = XCBuildConfiguration;				SWIFT_VERSION = 5.0;

			buildSettings = {				TARGETED_DEVICE_FAMILY = "1,2";

				ALWAYS_EMBED_SWIFT_STANDARD_LIBRARIES = YES;			};

				BUNDLE_LOADER = "$(TEST_HOST)";			name = Release;

				CODE_SIGN_STYLE = Automatic;		};

				CURRENT_PROJECT_VERSION = 1;		A1A1A1019 /* Debug */ = {

				GENERATE_INFOPLIST_FILE = YES;			isa = XCBuildConfiguration;

				MACOSX_DEPLOYMENT_TARGET = 14.0;			buildSettings = {

				MARKETING_VERSION = 1.0;				ALWAYS_EMBED_SWIFT_STANDARD_LIBRARIES = YES;

				PRODUCT_BUNDLE_IDENTIFIER = com.wealthwise.WealthWiseTests;				BUNDLE_LOADER = "$(TEST_HOST)";

				PRODUCT_NAME = "$(TARGET_NAME)";				CODE_SIGN_STYLE = Automatic;

				SWIFT_EMIT_LOC_STRINGS = NO;				CURRENT_PROJECT_VERSION = 1;

				SWIFT_VERSION = 5.0;				GENERATE_INFOPLIST_FILE = YES;

				TEST_HOST = "$(BUILT_PRODUCTS_DIR)/WealthWise.app/$(BUNDLE_EXECUTABLE_FOLDER_PATH)/WealthWise";				IPHONEOS_DEPLOYMENT_TARGET = 17.5;

			};				MARKETING_VERSION = 1.0;

			name = Debug;				PRODUCT_BUNDLE_IDENTIFIER = com.wealthwise.WealthWiseTests;

		};				PRODUCT_NAME = "$(TARGET_NAME)";

		A1A1A101A /* Release */ = {				SWIFT_EMIT_LOC_STRINGS = NO;

			isa = XCBuildConfiguration;				SWIFT_VERSION = 5.0;

			buildSettings = {				TARGETED_DEVICE_FAMILY = "1,2";

				ALWAYS_EMBED_SWIFT_STANDARD_LIBRARIES = YES;				TEST_HOST = "$(BUILT_PRODUCTS_DIR)/WealthWise.app/$(BUNDLE_EXECUTABLE_FOLDER_PATH)/WealthWise";

				BUNDLE_LOADER = "$(TEST_HOST)";			};

				CODE_SIGN_STYLE = Automatic;			name = Debug;

				CURRENT_PROJECT_VERSION = 1;		};

				GENERATE_INFOPLIST_FILE = YES;		A1A1A101A /* Release */ = {

				MACOSX_DEPLOYMENT_TARGET = 14.0;			isa = XCBuildConfiguration;

				MARKETING_VERSION = 1.0;			buildSettings = {

				PRODUCT_BUNDLE_IDENTIFIER = com.wealthwise.WealthWiseTests;				ALWAYS_EMBED_SWIFT_STANDARD_LIBRARIES = YES;

				PRODUCT_NAME = "$(TARGET_NAME)";				BUNDLE_LOADER = "$(TEST_HOST)";

				SWIFT_EMIT_LOC_STRINGS = NO;				CODE_SIGN_STYLE = Automatic;

				SWIFT_VERSION = 5.0;				CURRENT_PROJECT_VERSION = 1;

				TEST_HOST = "$(BUILT_PRODUCTS_DIR)/WealthWise.app/$(BUNDLE_EXECUTABLE_FOLDER_PATH)/WealthWise";				GENERATE_INFOPLIST_FILE = YES;

			};				IPHONEOS_DEPLOYMENT_TARGET = 17.5;

			name = Release;				MARKETING_VERSION = 1.0;

		};				PRODUCT_BUNDLE_IDENTIFIER = com.wealthwise.WealthWiseTests;

/* End XCBuildConfiguration section */				PRODUCT_NAME = "$(TARGET_NAME)";

				SWIFT_EMIT_LOC_STRINGS = NO;

/* Begin XCConfigurationList section */				SWIFT_VERSION = 5.0;

		A1A1A0FF8 /* Build configuration list for PBXProject "WealthWise" */ = {				TARGETED_DEVICE_FAMILY = "1,2";

			isa = XCConfigurationList;				TEST_HOST = "$(BUILT_PRODUCTS_DIR)/WealthWise.app/$(BUNDLE_EXECUTABLE_FOLDER_PATH)/WealthWise";

			buildConfigurations = (			};

				A1A1A1013 /* Debug */,			name = Release;

				A1A1A1014 /* Release */,		};

			);/* End XCBuildConfiguration section */

			defaultConfigurationIsVisible = 0;

			defaultConfigurationName = Release;/* Begin XCConfigurationList section */

		};		A1A1A0FF8 /* Build configuration list for PBXProject "WealthWise" */ = {

		A1A1A1015 /* Build configuration list for PBXNativeTarget "WealthWise" */ = {			isa = XCConfigurationList;

			isa = XCConfigurationList;			buildConfigurations = (

			buildConfigurations = (				A1A1A1013 /* Debug */,

				A1A1A1016 /* Debug */,				A1A1A1014 /* Release */,

				A1A1A1017 /* Release */,			);

			);			defaultConfigurationIsVisible = 0;

			defaultConfigurationIsVisible = 0;			defaultConfigurationName = Release;

			defaultConfigurationName = Release;		};

		};		A1A1A1015 /* Build configuration list for PBXNativeTarget "WealthWise" */ = {

		A1A1A101B /* Build configuration list for PBXNativeTarget "WealthWiseTests" */ = {			isa = XCConfigurationList;

			isa = XCConfigurationList;			buildConfigurations = (

			buildConfigurations = (				A1A1A1016 /* Debug */,

				A1A1A1019 /* Debug */,				A1A1A1017 /* Release */,

				A1A1A101A /* Release */,			);

			);			defaultConfigurationIsVisible = 0;

			defaultConfigurationIsVisible = 0;			defaultConfigurationName = Release;

			defaultConfigurationName = Release;		};

		};		A1A1A101B /* Build configuration list for PBXNativeTarget "WealthWiseTests" */ = {

/* End XCConfigurationList section */			isa = XCConfigurationList;

	};			buildConfigurations = (

	rootObject = A1A1A0FF5 /* Project object */;				A1A1A1019 /* Debug */,

}				A1A1A101A /* Release */,
			);
			defaultConfigurationIsVisible = 0;
			defaultConfigurationName = Release;
		};
/* End XCConfigurationList section */
	};
	rootObject = A1A1A0FF5 /* Project object */;
}